
Microsoft Visual Studio Solution File, Format Version 12.00
# Visual Studio Version 16
VisualStudioVersion = 16.0.31624.102
MinimumVisualStudioVersion = 10.0.40219.1
Project("{FAE04EC0-301F-11D3-BF4B-00C04F79EFBC}") = "mje100801", "mje100801\mje100801.csproj", "{07B6C3CE-FE30-41B5-9349-04EA9DFD9726}"
EndProject
Global
	GlobalSection(SolutionConfigurationPlatforms) = preSolution
		Debug|Any CPU = Debug|Any CPU
		Release|Any CPU = Release|Any CPU
	EndGlobalSection
	GlobalSection(ProjectConfigurationPlatforms) = postSolution
		{07B6C3CE-FE30-41B5-9349-04EA9DFD9726}.Debug|Any CPU.ActiveCfg = Debug|Any CPU
		{07B6C3CE-FE30-41B5-9349-04EA9DFD9726}.Debug|Any CPU.Build.0 = Debug|Any CPU
		{07B6C3CE-FE30-41B5-9349-04EA9DFD9726}.Release|Any CPU.ActiveCfg = Release|Any CPU
		{07B6C3CE-FE30-41B5-9349-04EA9DFD9726}.Release|Any CPU.Build.0 = Release|Any CPU
	EndGlobalSection
	GlobalSection(SolutionProperties) = preSolution
		HideSolutionNode = FALSE
	EndGlobalSection
	GlobalSection(ExtensibilityGlobals) = postSolution
		SolutionGuid = {909656A3-8B5C-4372-9773-3676D0DC1D1C}
	EndGlobalSection
EndGlobal
